
Microsoft Visual Studio Solution File, Format Version 12.00
# Visual Studio 2012
Project("{FAE04EC0-301F-11D3-BF4B-00C04F79EFBC}") = "ThisRoofN.iOS", "iOS\ThisRoofN.iOS.csproj", "{0084ED1A-09CB-4078-AC8B-66B78237D133}"
EndProject
Project("{FAE04EC0-301F-11D3-BF4B-00C04F79EFBC}") = "ThisRoofN.Droid", "Droid\ThisRoofN.Droid.csproj", "{8741DE84-FFD3-4AD5-9DDD-E0FD0CCE74D6}"
EndProject
Project("{FAE04EC0-301F-11D3-BF4B-00C04F79EFBC}") = "ThisRoofN", "ThisRoofN\ThisRoofN.csproj", "{41C8CE64-8DA5-4123-88BC-499E0FB906BC}"
EndProject
Project("{FAE04EC0-301F-11D3-BF4B-00C04F79EFBC}") = "MLPAutoComplete", "MLPAutoComplete\MLPAutoComplete.csproj", "{94AB9CAE-0A2E-4D39-8729-596807DBB602}"
EndProject
Global
	GlobalSection(SolutionConfigurationPlatforms) = preSolution
		Debug|iPhoneSimulator = Debug|iPhoneSimulator
		Release|iPhone = Release|iPhone
		Release|iPhoneSimulator = Release|iPhoneSimulator
		Debug|iPhone = Debug|iPhone
		Debug|Any CPU = Debug|Any CPU
		Release|Any CPU = Release|Any CPU
	EndGlobalSection
	GlobalSection(ProjectConfigurationPlatforms) = postSolution
		{0084ED1A-09CB-4078-AC8B-66B78237D133}.Debug|Any CPU.ActiveCfg = Debug|iPhoneSimulator
		{0084ED1A-09CB-4078-AC8B-66B78237D133}.Debug|Any CPU.Build.0 = Debug|iPhoneSimulator
		{0084ED1A-09CB-4078-AC8B-66B78237D133}.Debug|iPhone.ActiveCfg = Debug|iPhone
		{0084ED1A-09CB-4078-AC8B-66B78237D133}.Debug|iPhone.Build.0 = Debug|iPhone
		{0084ED1A-09CB-4078-AC8B-66B78237D133}.Debug|iPhoneSimulator.ActiveCfg = Debug|iPhoneSimulator
		{0084ED1A-09CB-4078-AC8B-66B78237D133}.Debug|iPhoneSimulator.Build.0 = Debug|iPhoneSimulator
		{0084ED1A-09CB-4078-AC8B-66B78237D133}.Release|Any CPU.ActiveCfg = Release|iPhone
		{0084ED1A-09CB-4078-AC8B-66B78237D133}.Release|Any CPU.Build.0 = Release|iPhone
		{0084ED1A-09CB-4078-AC8B-66B78237D133}.Release|iPhone.ActiveCfg = Release|iPhone
		{0084ED1A-09CB-4078-AC8B-66B78237D133}.Release|iPhone.Build.0 = Release|iPhone
		{0084ED1A-09CB-4078-AC8B-66B78237D133}.Release|iPhoneSimulator.ActiveCfg = Release|iPhoneSimulator
		{0084ED1A-09CB-4078-AC8B-66B78237D133}.Release|iPhoneSimulator.Build.0 = Release|iPhoneSimulator
		{41C8CE64-8DA5-4123-88BC-499E0FB906BC}.Debug|Any CPU.ActiveCfg = Debug|Any CPU
		{41C8CE64-8DA5-4123-88BC-499E0FB906BC}.Debug|Any CPU.Build.0 = Debug|Any CPU
		{41C8CE64-8DA5-4123-88BC-499E0FB906BC}.Debug|iPhone.ActiveCfg = Debug|Any CPU
		{41C8CE64-8DA5-4123-88BC-499E0FB906BC}.Debug|iPhone.Build.0 = Debug|Any CPU
		{41C8CE64-8DA5-4123-88BC-499E0FB906BC}.Debug|iPhoneSimulator.ActiveCfg = Debug|Any CPU
		{41C8CE64-8DA5-4123-88BC-499E0FB906BC}.Debug|iPhoneSimulator.Build.0 = Debug|Any CPU
		{41C8CE64-8DA5-4123-88BC-499E0FB906BC}.Release|Any CPU.ActiveCfg = Release|Any CPU
		{41C8CE64-8DA5-4123-88BC-499E0FB906BC}.Release|Any CPU.Build.0 = Release|Any CPU
		{41C8CE64-8DA5-4123-88BC-499E0FB906BC}.Release|iPhone.ActiveCfg = Release|Any CPU
		{41C8CE64-8DA5-4123-88BC-499E0FB906BC}.Release|iPhone.Build.0 = Release|Any CPU
		{41C8CE64-8DA5-4123-88BC-499E0FB906BC}.Release|iPhoneSimulator.ActiveCfg = Release|Any CPU
		{41C8CE64-8DA5-4123-88BC-499E0FB906BC}.Release|iPhoneSimulator.Build.0 = Release|Any CPU
		{8741DE84-FFD3-4AD5-9DDD-E0FD0CCE74D6}.Debug|Any CPU.ActiveCfg = Debug|Any CPU
		{8741DE84-FFD3-4AD5-9DDD-E0FD0CCE74D6}.Debug|Any CPU.Build.0 = Debug|Any CPU
		{8741DE84-FFD3-4AD5-9DDD-E0FD0CCE74D6}.Debug|iPhone.ActiveCfg = Debug|Any CPU
		{8741DE84-FFD3-4AD5-9DDD-E0FD0CCE74D6}.Debug|iPhone.Build.0 = Debug|Any CPU
		{8741DE84-FFD3-4AD5-9DDD-E0FD0CCE74D6}.Debug|iPhoneSimulator.ActiveCfg = Debug|Any CPU
		{8741DE84-FFD3-4AD5-9DDD-E0FD0CCE74D6}.Debug|iPhoneSimulator.Build.0 = Debug|Any CPU
		{8741DE84-FFD3-4AD5-9DDD-E0FD0CCE74D6}.Release|Any CPU.ActiveCfg = Release|Any CPU
		{8741DE84-FFD3-4AD5-9DDD-E0FD0CCE74D6}.Release|Any CPU.Build.0 = Release|Any CPU
		{8741DE84-FFD3-4AD5-9DDD-E0FD0CCE74D6}.Release|iPhone.ActiveCfg = Release|Any CPU
		{8741DE84-FFD3-4AD5-9DDD-E0FD0CCE74D6}.Release|iPhone.Build.0 = Release|Any CPU
		{8741DE84-FFD3-4AD5-9DDD-E0FD0CCE74D6}.Release|iPhoneSimulator.ActiveCfg = Release|Any CPU
		{8741DE84-FFD3-4AD5-9DDD-E0FD0CCE74D6}.Release|iPhoneSimulator.Build.0 = Release|Any CPU
		{94AB9CAE-0A2E-4D39-8729-596807DBB602}.Debug|Any CPU.ActiveCfg = Debug|Any CPU
		{94AB9CAE-0A2E-4D39-8729-596807DBB602}.Debug|Any CPU.Build.0 = Debug|Any CPU
		{94AB9CAE-0A2E-4D39-8729-596807DBB602}.Debug|iPhone.ActiveCfg = Debug|Any CPU
		{94AB9CAE-0A2E-4D39-8729-596807DBB602}.Debug|iPhone.Build.0 = Debug|Any CPU
		{94AB9CAE-0A2E-4D39-8729-596807DBB602}.Debug|iPhoneSimulator.ActiveCfg = Debug|Any CPU
		{94AB9CAE-0A2E-4D39-8729-596807DBB602}.Debug|iPhoneSimulator.Build.0 = Debug|Any CPU
		{94AB9CAE-0A2E-4D39-8729-596807DBB602}.Release|Any CPU.ActiveCfg = Release|Any CPU
		{94AB9CAE-0A2E-4D39-8729-596807DBB602}.Release|Any CPU.Build.0 = Release|Any CPU
		{94AB9CAE-0A2E-4D39-8729-596807DBB602}.Release|iPhone.ActiveCfg = Release|Any CPU
		{94AB9CAE-0A2E-4D39-8729-596807DBB602}.Release|iPhone.Build.0 = Release|Any CPU
		{94AB9CAE-0A2E-4D39-8729-596807DBB602}.Release|iPhoneSimulator.ActiveCfg = Release|Any CPU
		{94AB9CAE-0A2E-4D39-8729-596807DBB602}.Release|iPhoneSimulator.Build.0 = Release|Any CPU
	EndGlobalSection
EndGlobal
